
Microsoft Visual Studio Solution File, Format Version 12.00
# Visual Studio Version 17
VisualStudioVersion = 17.9.34616.47
MinimumVisualStudioVersion = 10.0.40219.1
Project("{FAE04EC0-301F-11D3-BF4B-00C04F79EFBC}") = "BooksRec", "BooksRec\BooksRec.csproj", "{9E6C0903-F1E5-4070-ADB1-303B17A53A3E}"
EndProject
Global
	GlobalSection(SolutionConfigurationPlatforms) = preSolution
		Debug|Any CPU = Debug|Any CPU
		Release|Any CPU = Release|Any CPU
	EndGlobalSection
	GlobalSection(ProjectConfigurationPlatforms) = postSolution
		{9E6C0903-F1E5-4070-ADB1-303B17A53A3E}.Debug|Any CPU.ActiveCfg = Debug|Any CPU
		{9E6C0903-F1E5-4070-ADB1-303B17A53A3E}.Debug|Any CPU.Build.0 = Debug|Any CPU
		{9E6C0903-F1E5-4070-ADB1-303B17A53A3E}.Release|Any CPU.ActiveCfg = Release|Any CPU
		{9E6C0903-F1E5-4070-ADB1-303B17A53A3E}.Release|Any CPU.Build.0 = Release|Any CPU
	EndGlobalSection
	GlobalSection(SolutionProperties) = preSolution
		HideSolutionNode = FALSE
	EndGlobalSection
	GlobalSection(ExtensibilityGlobals) = postSolution
		SolutionGuid = {BF187F85-2266-403C-901E-7952AD74EE8E}
	EndGlobalSection
EndGlobal
